// !$*UTF8*$!
{
	archiveVersion = 1;
	classes = {
	};
	objectVersion = 55;
	objects = {

/* Begin PBXBuildFile section */
		7274D60C27C27AE100ED0A77 /* API.swift in Sources */ = {isa = PBXBuildFile; fileRef = 7274D60B27C27AE100ED0A77 /* API.swift */; };
		7274D60F27C2ABD900ED0A77 /* FetchObservableObject.swift in Sources */ = {isa = PBXBuildFile; fileRef = 7274D60E27C2ABD900ED0A77 /* FetchObservableObject.swift */; };
		729B7C4427C268C300758C6E /* AachenMobDashboardApp.swift in Sources */ = {isa = PBXBuildFile; fileRef = 729B7C4327C268C300758C6E /* AachenMobDashboardApp.swift */; };
		729B7C4627C268C300758C6E /* ContentView.swift in Sources */ = {isa = PBXBuildFile; fileRef = 729B7C4527C268C300758C6E /* ContentView.swift */; };
		729B7C4827C268C400758C6E /* Assets.xcassets in Resources */ = {isa = PBXBuildFile; fileRef = 729B7C4727C268C400758C6E /* Assets.xcassets */; };
		729B7C4B27C268C400758C6E /* Preview Assets.xcassets in Resources */ = {isa = PBXBuildFile; fileRef = 729B7C4A27C268C400758C6E /* Preview Assets.xcassets */; };
		729B7C5327C268DA00758C6E /* ChargeStationsModel.swift in Sources */ = {isa = PBXBuildFile; fileRef = 729B7C5227C268DA00758C6E /* ChargeStationsModel.swift */; };
		729B7C5527C2691C00758C6E /* ChargeStationsViewModel.swift in Sources */ = {isa = PBXBuildFile; fileRef = 729B7C5427C2691C00758C6E /* ChargeStationsViewModel.swift */; };
		729B7C5727C26AD000758C6E /* ChargeStationsView.swift in Sources */ = {isa = PBXBuildFile; fileRef = 729B7C5627C26AD000758C6E /* ChargeStationsView.swift */; };
		72DF733D27C3BE0A00C59D88 /* ChargeStationsModel+Extension.swift in Sources */ = {isa = PBXBuildFile; fileRef = 72DF733C27C3BE0A00C59D88 /* ChargeStationsModel+Extension.swift */; };
/* End PBXBuildFile section */

/* Begin PBXFileReference section */
		7274D60B27C27AE100ED0A77 /* API.swift */ = {isa = PBXFileReference; lastKnownFileType = sourcecode.swift; path = API.swift; sourceTree = "<group>"; };
		7274D60E27C2ABD900ED0A77 /* FetchObservableObject.swift */ = {isa = PBXFileReference; lastKnownFileType = sourcecode.swift; path = FetchObservableObject.swift; sourceTree = "<group>"; };
		729B7C4027C268C300758C6E /* AachenMobDashboard.app */ = {isa = PBXFileReference; explicitFileType = wrapper.application; includeInIndex = 0; path = AachenMobDashboard.app; sourceTree = BUILT_PRODUCTS_DIR; };
		729B7C4327C268C300758C6E /* AachenMobDashboardApp.swift */ = {isa = PBXFileReference; lastKnownFileType = sourcecode.swift; path = AachenMobDashboardApp.swift; sourceTree = "<group>"; };
		729B7C4527C268C300758C6E /* ContentView.swift */ = {isa = PBXFileReference; lastKnownFileType = sourcecode.swift; path = ContentView.swift; sourceTree = "<group>"; };
		729B7C4727C268C400758C6E /* Assets.xcassets */ = {isa = PBXFileReference; lastKnownFileType = folder.assetcatalog; path = Assets.xcassets; sourceTree = "<group>"; };
		729B7C4A27C268C400758C6E /* Preview Assets.xcassets */ = {isa = PBXFileReference; lastKnownFileType = folder.assetcatalog; path = "Preview Assets.xcassets"; sourceTree = "<group>"; };
		729B7C5227C268DA00758C6E /* ChargeStationsModel.swift */ = {isa = PBXFileReference; lastKnownFileType = sourcecode.swift; path = ChargeStationsModel.swift; sourceTree = "<group>"; };
		729B7C5427C2691C00758C6E /* ChargeStationsViewModel.swift */ = {isa = PBXFileReference; lastKnownFileType = sourcecode.swift; path = ChargeStationsViewModel.swift; sourceTree = "<group>"; };
		729B7C5627C26AD000758C6E /* ChargeStationsView.swift */ = {isa = PBXFileReference; lastKnownFileType = sourcecode.swift; path = ChargeStationsView.swift; sourceTree = "<group>"; };
		72DF733C27C3BE0A00C59D88 /* ChargeStationsModel+Extension.swift */ = {isa = PBXFileReference; lastKnownFileType = sourcecode.swift; path = "ChargeStationsModel+Extension.swift"; sourceTree = "<group>"; };
/* End PBXFileReference section */

/* Begin PBXFrameworksBuildPhase section */
		729B7C3D27C268C300758C6E /* Frameworks */ = {
			isa = PBXFrameworksBuildPhase;
			buildActionMask = 2147483647;
			files = (
			);
			runOnlyForDeploymentPostprocessing = 0;
		};
/* End PBXFrameworksBuildPhase section */

/* Begin PBXGroup section */
		7274D60D27C2ABD100ED0A77 /* Common */ = {
			isa = PBXGroup;
			children = (
				7274D60B27C27AE100ED0A77 /* API.swift */,
				7274D60E27C2ABD900ED0A77 /* FetchObservableObject.swift */,
			);
			path = Common;
			sourceTree = "<group>";
		};
		729B7C3727C268C300758C6E = {
			isa = PBXGroup;
			children = (
				729B7C4227C268C300758C6E /* AachenMobDashboard */,
				729B7C4127C268C300758C6E /* Products */,
			);
			sourceTree = "<group>";
		};
		729B7C4127C268C300758C6E /* Products */ = {
			isa = PBXGroup;
			children = (
				729B7C4027C268C300758C6E /* AachenMobDashboard.app */,
			);
			name = Products;
			sourceTree = "<group>";
		};
		729B7C4227C268C300758C6E /* AachenMobDashboard */ = {
			isa = PBXGroup;
			children = (
				7274D60D27C2ABD100ED0A77 /* Common */,
				729B7C5127C268C900758C6E /* ChargeStations */,
				729B7C4327C268C300758C6E /* AachenMobDashboardApp.swift */,
				729B7C4527C268C300758C6E /* ContentView.swift */,
				729B7C4727C268C400758C6E /* Assets.xcassets */,
				729B7C4927C268C400758C6E /* Preview Content */,
			);
			path = AachenMobDashboard;
			sourceTree = "<group>";
		};
		729B7C4927C268C400758C6E /* Preview Content */ = {
			isa = PBXGroup;
			children = (
				729B7C4A27C268C400758C6E /* Preview Assets.xcassets */,
			);
			path = "Preview Content";
			sourceTree = "<group>";
		};
		729B7C5127C268C900758C6E /* ChargeStations */ = {
			isa = PBXGroup;
			children = (
				729B7C5227C268DA00758C6E /* ChargeStationsModel.swift */,
				729B7C5427C2691C00758C6E /* ChargeStationsViewModel.swift */,
				729B7C5627C26AD000758C6E /* ChargeStationsView.swift */,
				72DF733C27C3BE0A00C59D88 /* ChargeStationsModel+Extension.swift */,
			);
			path = ChargeStations;
			sourceTree = "<group>";
		};
/* End PBXGroup section */

/* Begin PBXNativeTarget section */
		729B7C3F27C268C300758C6E /* AachenMobDashboard */ = {
			isa = PBXNativeTarget;
			buildConfigurationList = 729B7C4E27C268C400758C6E /* Build configuration list for PBXNativeTarget "AachenMobDashboard" */;
			buildPhases = (
				729B7C3C27C268C300758C6E /* Sources */,
				729B7C3D27C268C300758C6E /* Frameworks */,
				729B7C3E27C268C300758C6E /* Resources */,
			);
			buildRules = (
			);
			dependencies = (
			);
			name = AachenMobDashboard;
			productName = AachenMobDashboard;
			productReference = 729B7C4027C268C300758C6E /* AachenMobDashboard.app */;
			productType = "com.apple.product-type.application";
		};
/* End PBXNativeTarget section */

/* Begin PBXProject section */
		729B7C3827C268C300758C6E /* Project object */ = {
			isa = PBXProject;
			attributes = {
				BuildIndependentTargetsInParallel = 1;
				LastSwiftUpdateCheck = 1320;
				LastUpgradeCheck = 1320;
				TargetAttributes = {
					729B7C3F27C268C300758C6E = {
						CreatedOnToolsVersion = 13.2.1;
					};
				};
			};
			buildConfigurationList = 729B7C3B27C268C300758C6E /* Build configuration list for PBXProject "AachenMobDashboard" */;
			compatibilityVersion = "Xcode 13.0";
			developmentRegion = en;
			hasScannedForEncodings = 0;
			knownRegions = (
				en,
				Base,
			);
			mainGroup = 729B7C3727C268C300758C6E;
			productRefGroup = 729B7C4127C268C300758C6E /* Products */;
			projectDirPath = "";
			projectRoot = "";
			targets = (
				729B7C3F27C268C300758C6E /* AachenMobDashboard */,
			);
		};
/* End PBXProject section */

/* Begin PBXResourcesBuildPhase section */
		729B7C3E27C268C300758C6E /* Resources */ = {
			isa = PBXResourcesBuildPhase;
			buildActionMask = 2147483647;
			files = (
				729B7C4B27C268C400758C6E /* Preview Assets.xcassets in Resources */,
				729B7C4827C268C400758C6E /* Assets.xcassets in Resources */,
			);
			runOnlyForDeploymentPostprocessing = 0;
		};
/* End PBXResourcesBuildPhase section */

/* Begin PBXSourcesBuildPhase section */
		729B7C3C27C268C300758C6E /* Sources */ = {
			isa = PBXSourcesBuildPhase;
			buildActionMask = 2147483647;
			files = (
				729B7C5327C268DA00758C6E /* ChargeStationsModel.swift in Sources */,
				7274D60F27C2ABD900ED0A77 /* FetchObservableObject.swift in Sources */,
				729B7C4627C268C300758C6E /* ContentView.swift in Sources */,
				729B7C4427C268C300758C6E /* AachenMobDashboardApp.swift in Sources */,
				729B7C5527C2691C00758C6E /* ChargeStationsViewModel.swift in Sources */,
				7274D60C27C27AE100ED0A77 /* API.swift in Sources */,
				72DF733D27C3BE0A00C59D88 /* ChargeStationsModel+Extension.swift in Sources */,
				729B7C5727C26AD000758C6E /* ChargeStationsView.swift in Sources */,
			);
			runOnlyForDeploymentPostprocessing = 0;
		};
/* End PBXSourcesBuildPhase section */

/* Begin XCBuildConfiguration section */
		729B7C4C27C268C400758C6E /* Debug */ = {
			isa = XCBuildConfiguration;
			buildSettings = {
				ALWAYS_SEARCH_USER_PATHS = NO;
				CLANG_ANALYZER_NONNULL = YES;
				CLANG_ANALYZER_NUMBER_OBJECT_CONVERSION = YES_AGGRESSIVE;
				CLANG_CXX_LANGUAGE_STANDARD = "gnu++17";
				CLANG_CXX_LIBRARY = "libc++";
				CLANG_ENABLE_MODULES = YES;
				CLANG_ENABLE_OBJC_ARC = YES;
				CLANG_ENABLE_OBJC_WEAK = YES;
				CLANG_WARN_BLOCK_CAPTURE_AUTORELEASING = YES;
				CLANG_WARN_BOOL_CONVERSION = YES;
				CLANG_WARN_COMMA = YES;
				CLANG_WARN_CONSTANT_CONVERSION = YES;
				CLANG_WARN_DEPRECATED_OBJC_IMPLEMENTATIONS = YES;
				CLANG_WARN_DIRECT_OBJC_ISA_USAGE = YES_ERROR;
				CLANG_WARN_DOCUMENTATION_COMMENTS = YES;
				CLANG_WARN_EMPTY_BODY = YES;
				CLANG_WARN_ENUM_CONVERSION = YES;
				CLANG_WARN_INFINITE_RECURSION = YES;
				CLANG_WARN_INT_CONVERSION = YES;
				CLANG_WARN_NON_LITERAL_NULL_CONVERSION = YES;
				CLANG_WARN_OBJC_IMPLICIT_RETAIN_SELF = YES;
				CLANG_WARN_OBJC_LITERAL_CONVERSION = YES;
				CLANG_WARN_OBJC_ROOT_CLASS = YES_ERROR;
				CLANG_WARN_QUOTED_INCLUDE_IN_FRAMEWORK_HEADER = YES;
				CLANG_WARN_RANGE_LOOP_ANALYSIS = YES;
				CLANG_WARN_STRICT_PROTOTYPES = YES;
				CLANG_WARN_SUSPICIOUS_MOVE = YES;
				CLANG_WARN_UNGUARDED_AVAILABILITY = YES_AGGRESSIVE;
				CLANG_WARN_UNREACHABLE_CODE = YES;
				CLANG_WARN__DUPLICATE_METHOD_MATCH = YES;
				COPY_PHASE_STRIP = NO;
				DEBUG_INFORMATION_FORMAT = dwarf;
				ENABLE_STRICT_OBJC_MSGSEND = YES;
				ENABLE_TESTABILITY = YES;
				GCC_C_LANGUAGE_STANDARD = gnu11;
				GCC_DYNAMIC_NO_PIC = NO;
				GCC_NO_COMMON_BLOCKS = YES;
				GCC_OPTIMIZATION_LEVEL = 0;
				GCC_PREPROCESSOR_DEFINITIONS = (
					"DEBUG=1",
					"$(inherited)",
				);
				GCC_WARN_64_TO_32_BIT_CONVERSION = YES;
				GCC_WARN_ABOUT_RETURN_TYPE = YES_ERROR;
				GCC_WARN_UNDECLARED_SELECTOR = YES;
				GCC_WARN_UNINITIALIZED_AUTOS = YES_AGGRESSIVE;
				GCC_WARN_UNUSED_FUNCTION = YES;
				GCC_WARN_UNUSED_VARIABLE = YES;
				IPHONEOS_DEPLOYMENT_TARGET = 15.2;
				MTL_ENABLE_DEBUG_INFO = INCLUDE_SOURCE;
				MTL_FAST_MATH = YES;
				ONLY_ACTIVE_ARCH = YES;
				SDKROOT = iphoneos;
				SWIFT_ACTIVE_COMPILATION_CONDITIONS = DEBUG;
				SWIFT_OPTIMIZATION_LEVEL = "-Onone";
			};
			name = Debug;
		};
		729B7C4D27C268C400758C6E /* Release */ = {
			isa = XCBuildConfiguration;
			buildSettings = {
				ALWAYS_SEARCH_USER_PATHS = NO;
				CLANG_ANALYZER_NONNULL = YES;
				CLANG_ANALYZER_NUMBER_OBJECT_CONVERSION = YES_AGGRESSIVE;
				CLANG_CXX_LANGUAGE_STANDARD = "gnu++17";
				CLANG_CXX_LIBRARY = "libc++";
				CLANG_ENABLE_MODULES = YES;
				CLANG_ENABLE_OBJC_ARC = YES;
				CLANG_ENABLE_OBJC_WEAK = YES;
				CLANG_WARN_BLOCK_CAPTURE_AUTORELEASING = YES;
				CLANG_WARN_BOOL_CONVERSION = YES;
				CLANG_WARN_COMMA = YES;
				CLANG_WARN_CONSTANT_CONVERSION = YES;
				CLANG_WARN_DEPRECATED_OBJC_IMPLEMENTATIONS = YES;
				CLANG_WARN_DIRECT_OBJC_ISA_USAGE = YES_ERROR;
				CLANG_WARN_DOCUMENTATION_COMMENTS = YES;
				CLANG_WARN_EMPTY_BODY = YES;
				CLANG_WARN_ENUM_CONVERSION = YES;
				CLANG_WARN_INFINITE_RECURSION = YES;
				CLANG_WARN_INT_CONVERSION = YES;
				CLANG_WARN_NON_LITERAL_NULL_CONVERSION = YES;
				CLANG_WARN_OBJC_IMPLICIT_RETAIN_SELF = YES;
				CLANG_WARN_OBJC_LITERAL_CONVERSION = YES;
				CLANG_WARN_OBJC_ROOT_CLASS = YES_ERROR;
				CLANG_WARN_QUOTED_INCLUDE_IN_FRAMEWORK_HEADER = YES;
				CLANG_WARN_RANGE_LOOP_ANALYSIS = YES;
				CLANG_WARN_STRICT_PROTOTYPES = YES;
				CLANG_WARN_SUSPICIOUS_MOVE = YES;
				CLANG_WARN_UNGUARDED_AVAILABILITY = YES_AGGRESSIVE;
				CLANG_WARN_UNREACHABLE_CODE = YES;
				CLANG_WARN__DUPLICATE_METHOD_MATCH = YES;
				COPY_PHASE_STRIP = NO;
				DEBUG_INFORMATION_FORMAT = "dwarf-with-dsym";
				ENABLE_NS_ASSERTIONS = NO;
				ENABLE_STRICT_OBJC_MSGSEND = YES;
				GCC_C_LANGUAGE_STANDARD = gnu11;
				GCC_NO_COMMON_BLOCKS = YES;
				GCC_WARN_64_TO_32_BIT_CONVERSION = YES;
				GCC_WARN_ABOUT_RETURN_TYPE = YES_ERROR;
				GCC_WARN_UNDECLARED_SELECTOR = YES;
				GCC_WARN_UNINITIALIZED_AUTOS = YES_AGGRESSIVE;
				GCC_WARN_UNUSED_FUNCTION = YES;
				GCC_WARN_UNUSED_VARIABLE = YES;
				IPHONEOS_DEPLOYMENT_TARGET = 15.2;
				MTL_ENABLE_DEBUG_INFO = NO;
				MTL_FAST_MATH = YES;
				SDKROOT = iphoneos;
				SWIFT_COMPILATION_MODE = wholemodule;
				SWIFT_OPTIMIZATION_LEVEL = "-O";
				VALIDATE_PRODUCT = YES;
			};
			name = Release;
		};
		729B7C4F27C268C400758C6E /* Debug */ = {
			isa = XCBuildConfiguration;
			buildSettings = {
				ASSETCATALOG_COMPILER_APPICON_NAME = AppIcon;
				ASSETCATALOG_COMPILER_GLOBAL_ACCENT_COLOR_NAME = AccentColor;
				CODE_SIGN_STYLE = Automatic;
				CURRENT_PROJECT_VERSION = 1;
				DEVELOPMENT_ASSET_PATHS = "\"AachenMobDashboard/Preview Content\"";
				DEVELOPMENT_TEAM = D5PCJAP39R;
				ENABLE_PREVIEWS = YES;
				GENERATE_INFOPLIST_FILE = YES;
				INFOPLIST_KEY_UIApplicationSceneManifest_Generation = YES;
				INFOPLIST_KEY_UIApplicationSupportsIndirectInputEvents = YES;
				INFOPLIST_KEY_UILaunchScreen_Generation = YES;
				INFOPLIST_KEY_UISupportedInterfaceOrientations_iPad = "UIInterfaceOrientationPortrait UIInterfaceOrientationPortraitUpsideDown UIInterfaceOrientationLandscapeLeft UIInterfaceOrientationLandscapeRight";
				INFOPLIST_KEY_UISupportedInterfaceOrientations_iPhone = "UIInterfaceOrientationPortrait UIInterfaceOrientationLandscapeLeft UIInterfaceOrientationLandscapeRight";
				LD_RUNPATH_SEARCH_PATHS = (
					"$(inherited)",
					"@executable_path/Frameworks",
				);
				MARKETING_VERSION = 1.0;
				PRODUCT_BUNDLE_IDENTIFIER = de.tapwork.AachenMobDashboard;
				PRODUCT_NAME = "$(TARGET_NAME)";
				SWIFT_EMIT_LOC_STRINGS = YES;
				SWIFT_VERSION = 5.0;
				TARGETED_DEVICE_FAMILY = "1,2";
			};
			name = Debug;
		};
		729B7C5027C268C400758C6E /* Release */ = {
			isa = XCBuildConfiguration;
			buildSettings = {
				ASSETCATALOG_COMPILER_APPICON_NAME = AppIcon;
				ASSETCATALOG_COMPILER_GLOBAL_ACCENT_COLOR_NAME = AccentColor;
				CODE_SIGN_STYLE = Automatic;
				CURRENT_PROJECT_VERSION = 1;
				DEVELOPMENT_ASSET_PATHS = "\"AachenMobDashboard/Preview Content\"";
				DEVELOPMENT_TEAM = D5PCJAP39R;
				ENABLE_PREVIEWS = YES;
				GENERATE_INFOPLIST_FILE = YES;
				INFOPLIST_KEY_UIApplicationSceneManifest_Generation = YES;
				INFOPLIST_KEY_UIApplicationSupportsIndirectInputEvents = YES;
				INFOPLIST_KEY_UILaunchScreen_Generation = YES;
				INFOPLIST_KEY_UISupportedInterfaceOrientations_iPad = "UIInterfaceOrientationPortrait UIInterfaceOrientationPortraitUpsideDown UIInterfaceOrientationLandscapeLeft UIInterfaceOrientationLandscapeRight";
				INFOPLIST_KEY_UISupportedInterfaceOrientations_iPhone = "UIInterfaceOrientationPortrait UIInterfaceOrientationLandscapeLeft UIInterfaceOrientationLandscapeRight";
				LD_RUNPATH_SEARCH_PATHS = (
					"$(inherited)",
					"@executable_path/Frameworks",
				);
				MARKETING_VERSION = 1.0;
				PRODUCT_BUNDLE_IDENTIFIER = de.tapwork.AachenMobDashboard;
				PRODUCT_NAME = "$(TARGET_NAME)";
				SWIFT_EMIT_LOC_STRINGS = YES;
				SWIFT_VERSION = 5.0;
				TARGETED_DEVICE_FAMILY = "1,2";
			};
			name = Release;
		};
/* End XCBuildConfiguration section */

/* Begin XCConfigurationList section */
		729B7C3B27C268C300758C6E /* Build configuration list for PBXProject "AachenMobDashboard" */ = {
			isa = XCConfigurationList;
			buildConfigurations = (
				729B7C4C27C268C400758C6E /* Debug */,
				729B7C4D27C268C400758C6E /* Release */,
			);
			defaultConfigurationIsVisible = 0;
			defaultConfigurationName = Release;
		};
		729B7C4E27C268C400758C6E /* Build configuration list for PBXNativeTarget "AachenMobDashboard" */ = {
			isa = XCConfigurationList;
			buildConfigurations = (
				729B7C4F27C268C400758C6E /* Debug */,
				729B7C5027C268C400758C6E /* Release */,
			);
			defaultConfigurationIsVisible = 0;
			defaultConfigurationName = Release;
		};
/* End XCConfigurationList section */
	};
	rootObject = 729B7C3827C268C300758C6E /* Project object */;
}
